{
  "name": "@jesses/gatsby-plugin-sentry",
  "version": "1.0.0",
  "lockfileVersion": 1,
  "requires": true,
  "dependencies": {
    "@sentry/browser": {
      "version": "4.4.2",
      "resolved": "https://registry.npmjs.org/@sentry/browser/-/browser-4.4.2.tgz",
      "integrity": "sha512-km5p3hPz+aoY4UiEvYxAdRJAbIK30urZSuMs/3zAUVe+8Zij0IHjHmdi9JtrMqpn+rAcWCxtRmFSYlkiKjdSUg==",
      "requires": {
        "@sentry/core": "4.4.2",
        "@sentry/types": "4.4.2",
        "@sentry/utils": "4.4.2",
        "tslib": "^1.9.3"
      }
    },
    "@sentry/core": {
      "version": "4.4.2",
      "resolved": "https://registry.npmjs.org/@sentry/core/-/core-4.4.2.tgz",
      "integrity": "sha512-hJyAodTCf4sZfVdf41Rtuzj4EsyzYq5rdMZ+zc2Vinwdf8D0/brHe91fHeO0CKXEb2P0wJsrjwMidG/ccq/M8A==",
      "requires": {
        "@sentry/hub": "4.4.2",
        "@sentry/minimal": "4.4.2",
        "@sentry/types": "4.4.2",
        "@sentry/utils": "4.4.2",
        "tslib": "^1.9.3"
      }
    },
    "@sentry/hub": {
      "version": "4.4.2",
      "resolved": "https://registry.npmjs.org/@sentry/hub/-/hub-4.4.2.tgz",
      "integrity": "sha512-oe9ytXkTWyD+QmOpVzHAqTbRV4Hc0ee2Nt6HvrDtRmlXzQxfvTWG2F8KYT6w8kzqg5klnuRpnsmgTTV3KuNBVQ==",
      "requires": {
        "@sentry/types": "4.4.2",
        "@sentry/utils": "4.4.2",
        "tslib": "^1.9.3"
      }
    },
    "@sentry/minimal": {
      "version": "4.4.2",
      "resolved": "https://registry.npmjs.org/@sentry/minimal/-/minimal-4.4.2.tgz",
      "integrity": "sha512-GEZZiNvVgqFAESZhAe3vjwTInn13lI2bSI3ItQN4RUWKL/W4n/fwVoDJbkb1U8aWxanuMnRDEpKwyQv6zYTZfw==",
      "requires": {
        "@sentry/hub": "4.4.2",
        "@sentry/types": "4.4.2",
        "tslib": "^1.9.3"
      }
    },
    "@sentry/types": {
      "version": "4.4.2",
      "resolved": "https://registry.npmjs.org/@sentry/types/-/types-4.4.2.tgz",
      "integrity": "sha512-QyQd6PKKIyjJgaq/RQjsxPJEWbXcuiWZ9RvSnhBjS5jj53HEzkM1qkbAFqlYHJ1DTJJ1EuOM4+aTmGzHe93zuA=="
    },
    "@sentry/utils": {
      "version": "4.4.2",
      "resolved": "https://registry.npmjs.org/@sentry/utils/-/utils-4.4.2.tgz",
      "integrity": "sha512-j/Ad8G1abHlJdD2q7aWWbSOSeWB5M5v1R1VKL8YPlwEbSvvmEQWePhBKFI0qlnKd2ObdUQsj86pHEXJRSFNfCw==",
      "requires": {
        "@sentry/types": "4.4.2",
        "tslib": "^1.9.3"
      }
    },
    "tslib": {
      "version": "1.9.3",
      "resolved": "https://registry.npmjs.org/tslib/-/tslib-1.9.3.tgz",
      "integrity": "sha512-4krF8scpejhaOgqzBEcGM7yDIEfi0/8+8zDRZhNZZ2kjmHJ4hv3zCbQWxoJGz1iw5U0Jl0nma13xzHXcncMavQ=="
    }
  }
}
